
Microsoft Visual Studio Solution File, Format Version 12.00
# Visual Studio 15
VisualStudioVersion = 15.0.27703.2042
MinimumVisualStudioVersion = 10.0.40219.1
Project("{2150E333-8FDC-42A3-9474-1A3956D46DE8}") = "Interface, Abstract, Concrete Class", "Interface, Abstract, Concrete Class", "{6AA1DC70-2E4E-4E4C-9656-F0A6E15488EB}"
EndProject
Project("{FAE04EC0-301F-11D3-BF4B-00C04F79EFBC}") = "Polygons", "Polygons\Polygons.csproj", "{9E18CEBC-6F63-4F2E-8B06-7BEB0BC6D36F}"
EndProject
Project("{FAE04EC0-301F-11D3-BF4B-00C04F79EFBC}") = "Polygon.Library", "Polygon.Library\Polygon.Library.csproj", "{9C763B8A-3842-4D27-8001-8F9D2942CE5E}"
EndProject
Project("{2150E333-8FDC-42A3-9474-1A3956D46DE8}") = "Solution Items", "Solution Items", "{F1ACA9BE-55B3-47D7-ABF9-DDD7E7BFD9D0}"
	ProjectSection(SolutionItems) = preProject
		Readme.md = Readme.md
	EndProjectSection
EndProject
Global
	GlobalSection(SolutionConfigurationPlatforms) = preSolution
		Debug|Any CPU = Debug|Any CPU
		Release|Any CPU = Release|Any CPU
	EndGlobalSection
	GlobalSection(ProjectConfigurationPlatforms) = postSolution
		{9E18CEBC-6F63-4F2E-8B06-7BEB0BC6D36F}.Debug|Any CPU.ActiveCfg = Debug|Any CPU
		{9E18CEBC-6F63-4F2E-8B06-7BEB0BC6D36F}.Debug|Any CPU.Build.0 = Debug|Any CPU
		{9E18CEBC-6F63-4F2E-8B06-7BEB0BC6D36F}.Release|Any CPU.ActiveCfg = Release|Any CPU
		{9E18CEBC-6F63-4F2E-8B06-7BEB0BC6D36F}.Release|Any CPU.Build.0 = Release|Any CPU
		{9C763B8A-3842-4D27-8001-8F9D2942CE5E}.Debug|Any CPU.ActiveCfg = Debug|Any CPU
		{9C763B8A-3842-4D27-8001-8F9D2942CE5E}.Debug|Any CPU.Build.0 = Debug|Any CPU
		{9C763B8A-3842-4D27-8001-8F9D2942CE5E}.Release|Any CPU.ActiveCfg = Release|Any CPU
		{9C763B8A-3842-4D27-8001-8F9D2942CE5E}.Release|Any CPU.Build.0 = Release|Any CPU
	EndGlobalSection
	GlobalSection(SolutionProperties) = preSolution
		HideSolutionNode = FALSE
	EndGlobalSection
	GlobalSection(NestedProjects) = preSolution
		{9E18CEBC-6F63-4F2E-8B06-7BEB0BC6D36F} = {6AA1DC70-2E4E-4E4C-9656-F0A6E15488EB}
		{9C763B8A-3842-4D27-8001-8F9D2942CE5E} = {6AA1DC70-2E4E-4E4C-9656-F0A6E15488EB}
	EndGlobalSection
	GlobalSection(ExtensibilityGlobals) = postSolution
		SolutionGuid = {98E9A86F-1A90-4E19-BCE2-CD354FE3F607}
	EndGlobalSection
EndGlobal
